// !$*UTF8*$!
{
	archiveVersion = 1;
	classes = {
	};
	objectVersion = 56;
	objects = {

/* Begin PBXBuildFile section */
		08407A14068F2AFB170E1549 /* libPods-Score.a in Frameworks */ = {isa = PBXBuildFile; fileRef = FBB3E5419236786FF854ABCA /* libPods-Score.a */; };
		FD0C39682BA9914B00CC05AA /* ScoreApp.swift in Sources */ = {isa = PBXBuildFile; fileRef = FD0C39672BA9914B00CC05AA /* ScoreApp.swift */; };
		FD0C396A2BA9914B00CC05AA /* ContentView.swift in Sources */ = {isa = PBXBuildFile; fileRef = FD0C39692BA9914B00CC05AA /* ContentView.swift */; };
		FD0C396C2BA9914D00CC05AA /* Assets.xcassets in Resources */ = {isa = PBXBuildFile; fileRef = FD0C396B2BA9914D00CC05AA /* Assets.xcassets */; };
		FD0C396F2BA9914D00CC05AA /* Preview Assets.xcassets in Resources */ = {isa = PBXBuildFile; fileRef = FD0C396E2BA9914D00CC05AA /* Preview Assets.xcassets */; };
		FD0C39762BA9D99D00CC05AA /* PretendardVariable.ttf in Resources */ = {isa = PBXBuildFile; fileRef = FD0C39752BA9D99D00CC05AA /* PretendardVariable.ttf */; };
		FD0C397A2BA9DA4A00CC05AA /* Font+.swift in Sources */ = {isa = PBXBuildFile; fileRef = FD0C39792BA9DA4A00CC05AA /* Font+.swift */; };
		FD0C397D2BA9E48400CC05AA /* Color+.swift in Sources */ = {isa = PBXBuildFile; fileRef = FD0C397C2BA9E48400CC05AA /* Color+.swift */; };
		FD13D4982BAB56AA0016F0A0 /* SCButton.swift in Sources */ = {isa = PBXBuildFile; fileRef = FD13D4972BAB56AA0016F0A0 /* SCButton.swift */; };
		FD13D49A2BAB62370016F0A0 /* SCCheckBox.swift in Sources */ = {isa = PBXBuildFile; fileRef = FD13D4992BAB62370016F0A0 /* SCCheckBox.swift */; };
		FD208FBA2BB634AF00DD4D3B /* SCTextField.swift in Sources */ = {isa = PBXBuildFile; fileRef = FD208FB92BB634AF00DD4D3B /* SCTextField.swift */; };
		FD208FBC2BB6F2A600DD4D3B /* EdgeBorder.swift in Sources */ = {isa = PBXBuildFile; fileRef = FD208FBB2BB6F2A600DD4D3B /* EdgeBorder.swift */; };
		FD208FBE2BB6F70200DD4D3B /* View+.swift in Sources */ = {isa = PBXBuildFile; fileRef = FD208FBD2BB6F70200DD4D3B /* View+.swift */; };
		FD208FC02BB9AF3500DD4D3B /* SCIcon.swift in Sources */ = {isa = PBXBuildFile; fileRef = FD208FBF2BB9AF3500DD4D3B /* SCIcon.swift */; };
		FD208FC32BB9B2FC00DD4D3B /* Constants.swift in Sources */ = {isa = PBXBuildFile; fileRef = FD208FC22BB9B2FC00DD4D3B /* Constants.swift */; };
		FD208FC52BB9C45700DD4D3B /* SCNumberIcon.swift in Sources */ = {isa = PBXBuildFile; fileRef = FD208FC42BB9C45700DD4D3B /* SCNumberIcon.swift */; };
		FD208FC72BB9E13A00DD4D3B /* SCProgressBar.swift in Sources */ = {isa = PBXBuildFile; fileRef = FD208FC62BB9E13A00DD4D3B /* SCProgressBar.swift */; };
		FD208FC92BB9EAEF00DD4D3B /* SCProgressCard.swift in Sources */ = {isa = PBXBuildFile; fileRef = FD208FC82BB9EAEF00DD4D3B /* SCProgressCard.swift */; };
		FD208FCB2BB9EDCD00DD4D3B /* SCInformationCard.swift in Sources */ = {isa = PBXBuildFile; fileRef = FD208FCA2BB9EDCD00DD4D3B /* SCInformationCard.swift */; };
		FD2A260A2BAC837000F7B317 /* SCRadioButton.swift in Sources */ = {isa = PBXBuildFile; fileRef = FD2A26092BAC837000F7B317 /* SCRadioButton.swift */; };
		FD38E98C2BD527AB00D3BDB7 /* PolicyFeature.swift in Sources */ = {isa = PBXBuildFile; fileRef = FD38E98B2BD527AB00D3BDB7 /* PolicyFeature.swift */; };
		FD38E98E2BD5297E00D3BDB7 /* PolicyView.swift in Sources */ = {isa = PBXBuildFile; fileRef = FD38E98D2BD5297E00D3BDB7 /* PolicyView.swift */; };
		FD38E9902BD530AC00D3BDB7 /* SettingNavigationRowViewModifier.swift in Sources */ = {isa = PBXBuildFile; fileRef = FD38E98F2BD530AC00D3BDB7 /* SettingNavigationRowViewModifier.swift */; };
		FD38E9932BD53D0900D3BDB7 /* SignOutFeature.swift in Sources */ = {isa = PBXBuildFile; fileRef = FD38E9922BD53D0900D3BDB7 /* SignOutFeature.swift */; };
		FD38E9952BD53D8F00D3BDB7 /* SignOutDialog.swift in Sources */ = {isa = PBXBuildFile; fileRef = FD38E9942BD53D8F00D3BDB7 /* SignOutDialog.swift */; };
		FD38E9992BD5A1A300D3BDB7 /* BlockUserSettingFeature.swift in Sources */ = {isa = PBXBuildFile; fileRef = FD38E9982BD5A1A300D3BDB7 /* BlockUserSettingFeature.swift */; };
		FD38E99F2BD5C4FD00D3BDB7 /* BlockUserSettingView.swift in Sources */ = {isa = PBXBuildFile; fileRef = FD38E99E2BD5C4FD00D3BDB7 /* BlockUserSettingView.swift */; };
		FD38E9A92BD83F0B00D3BDB7 /* EmailGuideSheet.swift in Sources */ = {isa = PBXBuildFile; fileRef = FD38E9A82BD83F0B00D3BDB7 /* EmailGuideSheet.swift */; };
		FD3C6EB82BBC41A000B14FF9 /* SCTabBar.swift in Sources */ = {isa = PBXBuildFile; fileRef = FD3C6EB72BBC41A000B14FF9 /* SCTabBar.swift */; };
		FD3C6EBB2BBC79FE00B14FF9 /* SCSearchChip.swift in Sources */ = {isa = PBXBuildFile; fileRef = FD3C6EBA2BBC79FE00B14FF9 /* SCSearchChip.swift */; };
		FD3C6EBD2BBC7DE700B14FF9 /* SCTagChip.swift in Sources */ = {isa = PBXBuildFile; fileRef = FD3C6EBC2BBC7DE700B14FF9 /* SCTagChip.swift */; };
		FD4A3B432BBADCD400D2DFFA /* SCRecordButton.swift in Sources */ = {isa = PBXBuildFile; fileRef = FD4A3B422BBADCD400D2DFFA /* SCRecordButton.swift */; };
		FD4A3B452BBAF0D100D2DFFA /* SCCapsuleButton.swift in Sources */ = {isa = PBXBuildFile; fileRef = FD4A3B442BBAF0D100D2DFFA /* SCCapsuleButton.swift */; };
		FD8B639B2BD1FF1E000500BF /* SettingMainFeature.swift in Sources */ = {isa = PBXBuildFile; fileRef = FD8B639A2BD1FF1E000500BF /* SettingMainFeature.swift */; };
		FD8B639D2BD200CD000500BF /* AlarmSettingFeature.swift in Sources */ = {isa = PBXBuildFile; fileRef = FD8B639C2BD200CD000500BF /* AlarmSettingFeature.swift */; };
		FD8B639F2BD20124000500BF /* PrivacyPolicyFeature.swift in Sources */ = {isa = PBXBuildFile; fileRef = FD8B639E2BD20124000500BF /* PrivacyPolicyFeature.swift */; };
		FD8B63A12BD2016D000500BF /* ServicePolicyFeature.swift in Sources */ = {isa = PBXBuildFile; fileRef = FD8B63A02BD2016D000500BF /* ServicePolicyFeature.swift */; };
		FD8B63A32BD201CC000500BF /* UnregisterFeature.swift in Sources */ = {isa = PBXBuildFile; fileRef = FD8B63A22BD201CC000500BF /* UnregisterFeature.swift */; };
		FD8B63A62BD21802000500BF /* ContactFeature.swift in Sources */ = {isa = PBXBuildFile; fileRef = FD8B63A52BD21802000500BF /* ContactFeature.swift */; };
		FD8FC3B02BC8251700B80B3D /* CalendarFeature.swift in Sources */ = {isa = PBXBuildFile; fileRef = FD8FC3AF2BC8251700B80B3D /* CalendarFeature.swift */; };
		FD8FC3B22BC826F600B80B3D /* Date+.swift in Sources */ = {isa = PBXBuildFile; fileRef = FD8FC3B12BC826F600B80B3D /* Date+.swift */; };
		FD8FC3B52BC834F300B80B3D /* CalendarView.swift in Sources */ = {isa = PBXBuildFile; fileRef = FD8FC3B42BC834F300B80B3D /* CalendarView.swift */; };
		FD8FC3B72BC8426800B80B3D /* CalendarGridItem.swift in Sources */ = {isa = PBXBuildFile; fileRef = FD8FC3B62BC8426800B80B3D /* CalendarGridItem.swift */; };
		FD8FC3B92BC8465D00B80B3D /* DayOfWeek.swift in Sources */ = {isa = PBXBuildFile; fileRef = FD8FC3B82BC8465D00B80B3D /* DayOfWeek.swift */; };
		FD8FC3BB2BC8470700B80B3D /* Month.swift in Sources */ = {isa = PBXBuildFile; fileRef = FD8FC3BA2BC8470700B80B3D /* Month.swift */; };
		FD8FC3BE2BC86EB100B80B3D /* DateComponentsWithID.swift in Sources */ = {isa = PBXBuildFile; fileRef = FD8FC3BD2BC86EB100B80B3D /* DateComponentsWithID.swift */; };
		FD9E06FC2BC97D29000109FD /* User.swift in Sources */ = {isa = PBXBuildFile; fileRef = FD9E06FB2BC97D29000109FD /* User.swift */; };
		FD9E06FF2BC97DF6000109FD /* ProfileEditView.swift in Sources */ = {isa = PBXBuildFile; fileRef = FD9E06FE2BC97DF6000109FD /* ProfileEditView.swift */; };
		FD9E07012BC97F20000109FD /* ProfileEditFeature.swift in Sources */ = {isa = PBXBuildFile; fileRef = FD9E07002BC97F20000109FD /* ProfileEditFeature.swift */; };
		FD9E07082BCB0913000109FD /* PhotoPickerView.swift in Sources */ = {isa = PBXBuildFile; fileRef = FD9E07072BCB0913000109FD /* PhotoPickerView.swift */; };
		FD9E070A2BCB0A1C000109FD /* PhotoPickerFeature.swift in Sources */ = {isa = PBXBuildFile; fileRef = FD9E07092BCB0A1C000109FD /* PhotoPickerFeature.swift */; };
		FD9E070D2BCB4E66000109FD /* SCNavigationBar.swift in Sources */ = {isa = PBXBuildFile; fileRef = FD9E070C2BCB4E66000109FD /* SCNavigationBar.swift */; };
		FD9E070F2BCB58BC000109FD /* SCLineTabBar.swift in Sources */ = {isa = PBXBuildFile; fileRef = FD9E070E2BCB58BC000109FD /* SCLineTabBar.swift */; };
		FD9E07112BCC99DE000109FD /* DismissButton.swift in Sources */ = {isa = PBXBuildFile; fileRef = FD9E07102BCC99DE000109FD /* DismissButton.swift */; };
		FDC18D392BC6D92A00A86D41 /* Secrets.xcconfig in Resources */ = {isa = PBXBuildFile; fileRef = FDC18D382BC6D86500A86D41 /* Secrets.xcconfig */; };
		FDE62A102BAD959A00DFDA5C /* SCLabel.swift in Sources */ = {isa = PBXBuildFile; fileRef = FDE62A0F2BAD959A00DFDA5C /* SCLabel.swift */; };
		FDE9EA222BBDCA10007AA4D7 /* SCPopUp.swift in Sources */ = {isa = PBXBuildFile; fileRef = FDE9EA212BBDCA10007AA4D7 /* SCPopUp.swift */; };
		FDE9EA252BBED551007AA4D7 /* ComposableArchitecture in Frameworks */ = {isa = PBXBuildFile; productRef = FDE9EA242BBED551007AA4D7 /* ComposableArchitecture */; };
		FDFAA42D2BCE05BF0053CD9F /* SCLineProgress.swift in Sources */ = {isa = PBXBuildFile; fileRef = FDFAA42C2BCE05BF0053CD9F /* SCLineProgress.swift */; };
		FDFAA42F2BCE0A550053CD9F /* Line.swift in Sources */ = {isa = PBXBuildFile; fileRef = FDFAA42E2BCE0A550053CD9F /* Line.swift */; };
		FDFAA4332BCE1C780053CD9F /* SettingMainView.swift in Sources */ = {isa = PBXBuildFile; fileRef = FDFAA4322BCE1C780053CD9F /* SettingMainView.swift */; };
		FDFAA4352BCE21400053CD9F /* AlarmSettingView.swift in Sources */ = {isa = PBXBuildFile; fileRef = FDFAA4342BCE21400053CD9F /* AlarmSettingView.swift */; };
		FDFAA4372BCE23180053CD9F /* SettingNavigation.swift in Sources */ = {isa = PBXBuildFile; fileRef = FDFAA4362BCE23180053CD9F /* SettingNavigation.swift */; };
		FDFAA4392BCE6E430053CD9F /* ContactView.swift in Sources */ = {isa = PBXBuildFile; fileRef = FDFAA4382BCE6E430053CD9F /* ContactView.swift */; };
		FDFAA43B2BCE6F240053CD9F /* Contexts.swift in Sources */ = {isa = PBXBuildFile; fileRef = FDFAA43A2BCE6F240053CD9F /* Contexts.swift */; };
		FDFAA43D2BCE72FB0053CD9F /* PrivacyPolicyView.swift in Sources */ = {isa = PBXBuildFile; fileRef = FDFAA43C2BCE72FA0053CD9F /* PrivacyPolicyView.swift */; };
		FDFAA4402BCE7B5F0053CD9F /* ServicePolicyView.swift in Sources */ = {isa = PBXBuildFile; fileRef = FDFAA43F2BCE7B5F0053CD9F /* ServicePolicyView.swift */; };
		FDFAA4422BCE7C7D0053CD9F /* UnregisterView.swift in Sources */ = {isa = PBXBuildFile; fileRef = FDFAA4412BCE7C7D0053CD9F /* UnregisterView.swift */; };
/* End PBXBuildFile section */

/* Begin PBXFileReference section */
		2FE93EF92843877AF8C6F39A /* Pods-Score.release.xcconfig */ = {isa = PBXFileReference; includeInIndex = 1; lastKnownFileType = text.xcconfig; name = "Pods-Score.release.xcconfig"; path = "Target Support Files/Pods-Score/Pods-Score.release.xcconfig"; sourceTree = "<group>"; };
		384EAFA81AF99FDA8A4666DE /* Pods-Score.debug.xcconfig */ = {isa = PBXFileReference; includeInIndex = 1; lastKnownFileType = text.xcconfig; name = "Pods-Score.debug.xcconfig"; path = "Target Support Files/Pods-Score/Pods-Score.debug.xcconfig"; sourceTree = "<group>"; };
		FBB3E5419236786FF854ABCA /* libPods-Score.a */ = {isa = PBXFileReference; explicitFileType = archive.ar; includeInIndex = 0; path = "libPods-Score.a"; sourceTree = BUILT_PRODUCTS_DIR; };
		FD0C39642BA9914B00CC05AA /* Score.app */ = {isa = PBXFileReference; explicitFileType = wrapper.application; includeInIndex = 0; path = Score.app; sourceTree = BUILT_PRODUCTS_DIR; };
		FD0C39672BA9914B00CC05AA /* ScoreApp.swift */ = {isa = PBXFileReference; lastKnownFileType = sourcecode.swift; path = ScoreApp.swift; sourceTree = "<group>"; };
		FD0C39692BA9914B00CC05AA /* ContentView.swift */ = {isa = PBXFileReference; lastKnownFileType = sourcecode.swift; path = ContentView.swift; sourceTree = "<group>"; };
		FD0C396B2BA9914D00CC05AA /* Assets.xcassets */ = {isa = PBXFileReference; lastKnownFileType = folder.assetcatalog; path = Assets.xcassets; sourceTree = "<group>"; };
		FD0C396E2BA9914D00CC05AA /* Preview Assets.xcassets */ = {isa = PBXFileReference; lastKnownFileType = folder.assetcatalog; path = "Preview Assets.xcassets"; sourceTree = "<group>"; };
		FD0C39752BA9D99D00CC05AA /* PretendardVariable.ttf */ = {isa = PBXFileReference; lastKnownFileType = file; path = PretendardVariable.ttf; sourceTree = "<group>"; };
		FD0C39782BA9D9DE00CC05AA /* Info.plist */ = {isa = PBXFileReference; lastKnownFileType = text.plist.xml; path = Info.plist; sourceTree = "<group>"; };
		FD0C39792BA9DA4A00CC05AA /* Font+.swift */ = {isa = PBXFileReference; lastKnownFileType = sourcecode.swift; path = "Font+.swift"; sourceTree = "<group>"; };
		FD0C397C2BA9E48400CC05AA /* Color+.swift */ = {isa = PBXFileReference; lastKnownFileType = sourcecode.swift; path = "Color+.swift"; sourceTree = "<group>"; };
		FD13D4972BAB56AA0016F0A0 /* SCButton.swift */ = {isa = PBXFileReference; lastKnownFileType = sourcecode.swift; path = SCButton.swift; sourceTree = "<group>"; };
		FD13D4992BAB62370016F0A0 /* SCCheckBox.swift */ = {isa = PBXFileReference; lastKnownFileType = sourcecode.swift; path = SCCheckBox.swift; sourceTree = "<group>"; };
		FD208FB92BB634AF00DD4D3B /* SCTextField.swift */ = {isa = PBXFileReference; lastKnownFileType = sourcecode.swift; path = SCTextField.swift; sourceTree = "<group>"; };
		FD208FBB2BB6F2A600DD4D3B /* EdgeBorder.swift */ = {isa = PBXFileReference; lastKnownFileType = sourcecode.swift; path = EdgeBorder.swift; sourceTree = "<group>"; };
		FD208FBD2BB6F70200DD4D3B /* View+.swift */ = {isa = PBXFileReference; lastKnownFileType = sourcecode.swift; path = "View+.swift"; sourceTree = "<group>"; };
		FD208FBF2BB9AF3500DD4D3B /* SCIcon.swift */ = {isa = PBXFileReference; lastKnownFileType = sourcecode.swift; path = SCIcon.swift; sourceTree = "<group>"; };
		FD208FC22BB9B2FC00DD4D3B /* Constants.swift */ = {isa = PBXFileReference; lastKnownFileType = sourcecode.swift; path = Constants.swift; sourceTree = "<group>"; };
		FD208FC42BB9C45700DD4D3B /* SCNumberIcon.swift */ = {isa = PBXFileReference; lastKnownFileType = sourcecode.swift; path = SCNumberIcon.swift; sourceTree = "<group>"; };
		FD208FC62BB9E13A00DD4D3B /* SCProgressBar.swift */ = {isa = PBXFileReference; lastKnownFileType = sourcecode.swift; path = SCProgressBar.swift; sourceTree = "<group>"; };
		FD208FC82BB9EAEF00DD4D3B /* SCProgressCard.swift */ = {isa = PBXFileReference; lastKnownFileType = sourcecode.swift; path = SCProgressCard.swift; sourceTree = "<group>"; };
		FD208FCA2BB9EDCD00DD4D3B /* SCInformationCard.swift */ = {isa = PBXFileReference; lastKnownFileType = sourcecode.swift; path = SCInformationCard.swift; sourceTree = "<group>"; };
		FD2A26092BAC837000F7B317 /* SCRadioButton.swift */ = {isa = PBXFileReference; lastKnownFileType = sourcecode.swift; path = SCRadioButton.swift; sourceTree = "<group>"; };
		FD38E98B2BD527AB00D3BDB7 /* PolicyFeature.swift */ = {isa = PBXFileReference; lastKnownFileType = sourcecode.swift; path = PolicyFeature.swift; sourceTree = "<group>"; };
		FD38E98D2BD5297E00D3BDB7 /* PolicyView.swift */ = {isa = PBXFileReference; lastKnownFileType = sourcecode.swift; path = PolicyView.swift; sourceTree = "<group>"; };
		FD38E98F2BD530AC00D3BDB7 /* SettingNavigationRowViewModifier.swift */ = {isa = PBXFileReference; lastKnownFileType = sourcecode.swift; path = SettingNavigationRowViewModifier.swift; sourceTree = "<group>"; };
		FD38E9922BD53D0900D3BDB7 /* SignOutFeature.swift */ = {isa = PBXFileReference; lastKnownFileType = sourcecode.swift; path = SignOutFeature.swift; sourceTree = "<group>"; };
		FD38E9942BD53D8F00D3BDB7 /* SignOutDialog.swift */ = {isa = PBXFileReference; lastKnownFileType = sourcecode.swift; path = SignOutDialog.swift; sourceTree = "<group>"; };
		FD38E9982BD5A1A300D3BDB7 /* BlockUserSettingFeature.swift */ = {isa = PBXFileReference; lastKnownFileType = sourcecode.swift; path = BlockUserSettingFeature.swift; sourceTree = "<group>"; };
		FD38E99E2BD5C4FD00D3BDB7 /* BlockUserSettingView.swift */ = {isa = PBXFileReference; lastKnownFileType = sourcecode.swift; path = BlockUserSettingView.swift; sourceTree = "<group>"; };
		FD38E9A82BD83F0B00D3BDB7 /* EmailGuideSheet.swift */ = {isa = PBXFileReference; lastKnownFileType = sourcecode.swift; path = EmailGuideSheet.swift; sourceTree = "<group>"; };
		FD3C6EB72BBC41A000B14FF9 /* SCTabBar.swift */ = {isa = PBXFileReference; lastKnownFileType = sourcecode.swift; path = SCTabBar.swift; sourceTree = "<group>"; };
		FD3C6EBA2BBC79FE00B14FF9 /* SCSearchChip.swift */ = {isa = PBXFileReference; lastKnownFileType = sourcecode.swift; path = SCSearchChip.swift; sourceTree = "<group>"; };
		FD3C6EBC2BBC7DE700B14FF9 /* SCTagChip.swift */ = {isa = PBXFileReference; lastKnownFileType = sourcecode.swift; path = SCTagChip.swift; sourceTree = "<group>"; };
		FD4A3B422BBADCD400D2DFFA /* SCRecordButton.swift */ = {isa = PBXFileReference; lastKnownFileType = sourcecode.swift; path = SCRecordButton.swift; sourceTree = "<group>"; };
		FD4A3B442BBAF0D100D2DFFA /* SCCapsuleButton.swift */ = {isa = PBXFileReference; lastKnownFileType = sourcecode.swift; path = SCCapsuleButton.swift; sourceTree = "<group>"; };
		FD8B639A2BD1FF1E000500BF /* SettingMainFeature.swift */ = {isa = PBXFileReference; lastKnownFileType = sourcecode.swift; path = SettingMainFeature.swift; sourceTree = "<group>"; };
		FD8B639C2BD200CD000500BF /* AlarmSettingFeature.swift */ = {isa = PBXFileReference; lastKnownFileType = sourcecode.swift; path = AlarmSettingFeature.swift; sourceTree = "<group>"; };
		FD8B639E2BD20124000500BF /* PrivacyPolicyFeature.swift */ = {isa = PBXFileReference; lastKnownFileType = sourcecode.swift; path = PrivacyPolicyFeature.swift; sourceTree = "<group>"; };
		FD8B63A02BD2016D000500BF /* ServicePolicyFeature.swift */ = {isa = PBXFileReference; lastKnownFileType = sourcecode.swift; path = ServicePolicyFeature.swift; sourceTree = "<group>"; };
		FD8B63A22BD201CC000500BF /* UnregisterFeature.swift */ = {isa = PBXFileReference; lastKnownFileType = sourcecode.swift; path = UnregisterFeature.swift; sourceTree = "<group>"; };
		FD8B63A52BD21802000500BF /* ContactFeature.swift */ = {isa = PBXFileReference; lastKnownFileType = sourcecode.swift; path = ContactFeature.swift; sourceTree = "<group>"; };
		FD8FC3AF2BC8251700B80B3D /* CalendarFeature.swift */ = {isa = PBXFileReference; lastKnownFileType = sourcecode.swift; path = CalendarFeature.swift; sourceTree = "<group>"; };
		FD8FC3B12BC826F600B80B3D /* Date+.swift */ = {isa = PBXFileReference; lastKnownFileType = sourcecode.swift; path = "Date+.swift"; sourceTree = "<group>"; };
		FD8FC3B42BC834F300B80B3D /* CalendarView.swift */ = {isa = PBXFileReference; lastKnownFileType = sourcecode.swift; path = CalendarView.swift; sourceTree = "<group>"; };
		FD8FC3B62BC8426800B80B3D /* CalendarGridItem.swift */ = {isa = PBXFileReference; lastKnownFileType = sourcecode.swift; path = CalendarGridItem.swift; sourceTree = "<group>"; };
		FD8FC3B82BC8465D00B80B3D /* DayOfWeek.swift */ = {isa = PBXFileReference; lastKnownFileType = sourcecode.swift; path = DayOfWeek.swift; sourceTree = "<group>"; };
		FD8FC3BA2BC8470700B80B3D /* Month.swift */ = {isa = PBXFileReference; lastKnownFileType = sourcecode.swift; path = Month.swift; sourceTree = "<group>"; };
		FD8FC3BD2BC86EB100B80B3D /* DateComponentsWithID.swift */ = {isa = PBXFileReference; lastKnownFileType = sourcecode.swift; path = DateComponentsWithID.swift; sourceTree = "<group>"; };
		FD9E06FB2BC97D29000109FD /* User.swift */ = {isa = PBXFileReference; lastKnownFileType = sourcecode.swift; path = User.swift; sourceTree = "<group>"; };
		FD9E06FE2BC97DF6000109FD /* ProfileEditView.swift */ = {isa = PBXFileReference; lastKnownFileType = sourcecode.swift; path = ProfileEditView.swift; sourceTree = "<group>"; };
		FD9E07002BC97F20000109FD /* ProfileEditFeature.swift */ = {isa = PBXFileReference; lastKnownFileType = sourcecode.swift; path = ProfileEditFeature.swift; sourceTree = "<group>"; };
		FD9E07072BCB0913000109FD /* PhotoPickerView.swift */ = {isa = PBXFileReference; lastKnownFileType = sourcecode.swift; path = PhotoPickerView.swift; sourceTree = "<group>"; };
		FD9E07092BCB0A1C000109FD /* PhotoPickerFeature.swift */ = {isa = PBXFileReference; lastKnownFileType = sourcecode.swift; path = PhotoPickerFeature.swift; sourceTree = "<group>"; };
		FD9E070C2BCB4E66000109FD /* SCNavigationBar.swift */ = {isa = PBXFileReference; lastKnownFileType = sourcecode.swift; path = SCNavigationBar.swift; sourceTree = "<group>"; };
		FD9E070E2BCB58BC000109FD /* SCLineTabBar.swift */ = {isa = PBXFileReference; lastKnownFileType = sourcecode.swift; path = SCLineTabBar.swift; sourceTree = "<group>"; };
		FD9E07102BCC99DE000109FD /* DismissButton.swift */ = {isa = PBXFileReference; lastKnownFileType = sourcecode.swift; path = DismissButton.swift; sourceTree = "<group>"; };
		FDC18D382BC6D86500A86D41 /* Secrets.xcconfig */ = {isa = PBXFileReference; lastKnownFileType = text.xcconfig; path = Secrets.xcconfig; sourceTree = "<group>"; };
		FDE62A0F2BAD959A00DFDA5C /* SCLabel.swift */ = {isa = PBXFileReference; lastKnownFileType = sourcecode.swift; path = SCLabel.swift; sourceTree = "<group>"; };
		FDE9EA212BBDCA10007AA4D7 /* SCPopUp.swift */ = {isa = PBXFileReference; lastKnownFileType = sourcecode.swift; path = SCPopUp.swift; sourceTree = "<group>"; };
		FDFAA42C2BCE05BF0053CD9F /* SCLineProgress.swift */ = {isa = PBXFileReference; lastKnownFileType = sourcecode.swift; path = SCLineProgress.swift; sourceTree = "<group>"; };
		FDFAA42E2BCE0A550053CD9F /* Line.swift */ = {isa = PBXFileReference; lastKnownFileType = sourcecode.swift; path = Line.swift; sourceTree = "<group>"; };
		FDFAA4322BCE1C780053CD9F /* SettingMainView.swift */ = {isa = PBXFileReference; lastKnownFileType = sourcecode.swift; path = SettingMainView.swift; sourceTree = "<group>"; };
		FDFAA4342BCE21400053CD9F /* AlarmSettingView.swift */ = {isa = PBXFileReference; lastKnownFileType = sourcecode.swift; path = AlarmSettingView.swift; sourceTree = "<group>"; };
		FDFAA4362BCE23180053CD9F /* SettingNavigation.swift */ = {isa = PBXFileReference; lastKnownFileType = sourcecode.swift; path = SettingNavigation.swift; sourceTree = "<group>"; };
		FDFAA4382BCE6E430053CD9F /* ContactView.swift */ = {isa = PBXFileReference; lastKnownFileType = sourcecode.swift; path = ContactView.swift; sourceTree = "<group>"; };
		FDFAA43A2BCE6F240053CD9F /* Contexts.swift */ = {isa = PBXFileReference; lastKnownFileType = sourcecode.swift; path = Contexts.swift; sourceTree = "<group>"; };
		FDFAA43C2BCE72FA0053CD9F /* PrivacyPolicyView.swift */ = {isa = PBXFileReference; lastKnownFileType = sourcecode.swift; path = PrivacyPolicyView.swift; sourceTree = "<group>"; };
		FDFAA43F2BCE7B5F0053CD9F /* ServicePolicyView.swift */ = {isa = PBXFileReference; lastKnownFileType = sourcecode.swift; path = ServicePolicyView.swift; sourceTree = "<group>"; };
		FDFAA4412BCE7C7D0053CD9F /* UnregisterView.swift */ = {isa = PBXFileReference; lastKnownFileType = sourcecode.swift; path = UnregisterView.swift; sourceTree = "<group>"; };
/* End PBXFileReference section */

/* Begin PBXFrameworksBuildPhase section */
		FD0C39612BA9914B00CC05AA /* Frameworks */ = {
			isa = PBXFrameworksBuildPhase;
			buildActionMask = 2147483647;
			files = (
				FDE9EA252BBED551007AA4D7 /* ComposableArchitecture in Frameworks */,
				08407A14068F2AFB170E1549 /* libPods-Score.a in Frameworks */,
			);
			runOnlyForDeploymentPostprocessing = 0;
		};
/* End PBXFrameworksBuildPhase section */

/* Begin PBXGroup section */
		78391F5E1D38F4B0E0D7CE74 /* Frameworks */ = {
			isa = PBXGroup;
			children = (
				FBB3E5419236786FF854ABCA /* libPods-Score.a */,
			);
			name = Frameworks;
			sourceTree = "<group>";
		};
		A889DA542F85709D53DE301F /* Pods */ = {
			isa = PBXGroup;
			children = (
				384EAFA81AF99FDA8A4666DE /* Pods-Score.debug.xcconfig */,
				2FE93EF92843877AF8C6F39A /* Pods-Score.release.xcconfig */,
			);
			path = Pods;
			sourceTree = "<group>";
		};
		FD0C395B2BA9914B00CC05AA = {
			isa = PBXGroup;
			children = (
				FD0C39662BA9914B00CC05AA /* Score */,
				FD0C39652BA9914B00CC05AA /* Products */,
				A889DA542F85709D53DE301F /* Pods */,
				78391F5E1D38F4B0E0D7CE74 /* Frameworks */,
			);
			sourceTree = "<group>";
		};
		FD0C39652BA9914B00CC05AA /* Products */ = {
			isa = PBXGroup;
			children = (
				FD0C39642BA9914B00CC05AA /* Score.app */,
			);
			name = Products;
			sourceTree = "<group>";
		};
		FD0C39662BA9914B00CC05AA /* Score */ = {
			isa = PBXGroup;
			children = (
				FD0C39672BA9914B00CC05AA /* ScoreApp.swift */,
				FDE9EA282BBED5A7007AA4D7 /* View */,
				FD8FC3BC2BC86E8C00B80B3D /* Model */,
				FDE9EA262BBED595007AA4D7 /* Reducer */,
				FD208FC12BB9B2E400DD4D3B /* Constant */,
				FD0C397B2BA9E47400CC05AA /* Extension */,
				FD6783922BC2DC51008743D4 /* Resource */,
			);
			path = Score;
			sourceTree = "<group>";
		};
		FD0C396D2BA9914D00CC05AA /* Preview Content */ = {
			isa = PBXGroup;
			children = (
				FD0C396E2BA9914D00CC05AA /* Preview Assets.xcassets */,
			);
			path = "Preview Content";
			sourceTree = "<group>";
		};
		FD0C39772BA9D9AA00CC05AA /* Font */ = {
			isa = PBXGroup;
			children = (
				FD0C39752BA9D99D00CC05AA /* PretendardVariable.ttf */,
			);
			path = Font;
			sourceTree = "<group>";
		};
		FD0C397B2BA9E47400CC05AA /* Extension */ = {
			isa = PBXGroup;
			children = (
				FD0C39792BA9DA4A00CC05AA /* Font+.swift */,
				FD0C397C2BA9E48400CC05AA /* Color+.swift */,
				FD208FBD2BB6F70200DD4D3B /* View+.swift */,
				FD8FC3B12BC826F600B80B3D /* Date+.swift */,
			);
			path = Extension;
			sourceTree = "<group>";
		};
		FD13D4962BAB56A00016F0A0 /* UIComponent */ = {
			isa = PBXGroup;
			children = (
				FDFAA42B2BCE05720053CD9F /* Progress */,
				FD9E070B2BCB4E53000109FD /* Navigation */,
				FDE9EA202BBDCA01007AA4D7 /* PopUp */,
				FD3C6EB92BBC79ED00B14FF9 /* Chip */,
				FD3C6EB52BBC418C00B14FF9 /* TabBar */,
				FD4A3B412BBADC0000D2DFFA /* Shape */,
				FD4A3B402BBADBED00D2DFFA /* TextField */,
				FD4A3B3F2BBADBDE00D2DFFA /* Card */,
				FD4A3B3E2BBADBCE00D2DFFA /* Label */,
				FD4A3B3D2BBADBBE00D2DFFA /* Button */,
			);
			path = UIComponent;
			sourceTree = "<group>";
		};
		FD208FC12BB9B2E400DD4D3B /* Constant */ = {
			isa = PBXGroup;
			children = (
				FDFAA4362BCE23180053CD9F /* SettingNavigation.swift */,
				FD208FC22BB9B2FC00DD4D3B /* Constants.swift */,
				FD8FC3B82BC8465D00B80B3D /* DayOfWeek.swift */,
				FD8FC3BA2BC8470700B80B3D /* Month.swift */,
				FDFAA43A2BCE6F240053CD9F /* Contexts.swift */,
			);
			path = Constant;
			sourceTree = "<group>";
		};
		FD38E99A2BD5C43000D3BDB7 /* Policy */ = {
			isa = PBXGroup;
			children = (
				FD38E98D2BD5297E00D3BDB7 /* PolicyView.swift */,
				FDFAA43F2BCE7B5F0053CD9F /* ServicePolicyView.swift */,
				FDFAA43C2BCE72FA0053CD9F /* PrivacyPolicyView.swift */,
			);
			path = Policy;
			sourceTree = "<group>";
		};
		FD38E99B2BD5C46B00D3BDB7 /* Alarm */ = {
			isa = PBXGroup;
			children = (
				FDFAA4342BCE21400053CD9F /* AlarmSettingView.swift */,
			);
			path = Alarm;
			sourceTree = "<group>";
		};
		FD38E99C2BD5C48A00D3BDB7 /* Contact */ = {
			isa = PBXGroup;
			children = (
				FDFAA4382BCE6E430053CD9F /* ContactView.swift */,
				FD38E9A82BD83F0B00D3BDB7 /* EmailGuideSheet.swift */,
			);
			path = Contact;
			sourceTree = "<group>";
		};
		FD38E99D2BD5C4C300D3BDB7 /* Block */ = {
			isa = PBXGroup;
			children = (
				FD38E99E2BD5C4FD00D3BDB7 /* BlockUserSettingView.swift */,
			);
			path = Block;
			sourceTree = "<group>";
		};
		FD38E9A02BD5C51200D3BDB7 /* Unregister */ = {
			isa = PBXGroup;
			children = (
				FDFAA4412BCE7C7D0053CD9F /* UnregisterView.swift */,
			);
			path = Unregister;
			sourceTree = "<group>";
		};
		FD38E9A12BD5C9AB00D3BDB7 /* Policy */ = {
			isa = PBXGroup;
			children = (
				FD38E98B2BD527AB00D3BDB7 /* PolicyFeature.swift */,
				FD8B639E2BD20124000500BF /* PrivacyPolicyFeature.swift */,
				FD8B63A02BD2016D000500BF /* ServicePolicyFeature.swift */,
			);
			path = Policy;
			sourceTree = "<group>";
		};
		FD38E9A22BD5C9B700D3BDB7 /* Contact */ = {
			isa = PBXGroup;
			children = (
				FD8B63A52BD21802000500BF /* ContactFeature.swift */,
			);
			path = Contact;
			sourceTree = "<group>";
		};
		FD38E9A32BD5C9BB00D3BDB7 /* Alarm */ = {
			isa = PBXGroup;
			children = (
				FD8B639C2BD200CD000500BF /* AlarmSettingFeature.swift */,
			);
			path = Alarm;
			sourceTree = "<group>";
		};
		FD38E9A42BD5C9C400D3BDB7 /* Unregister */ = {
			isa = PBXGroup;
			children = (
				FD8B63A22BD201CC000500BF /* UnregisterFeature.swift */,
			);
			path = Unregister;
			sourceTree = "<group>";
		};
		FD38E9A52BD5CA5400D3BDB7 /* Block */ = {
			isa = PBXGroup;
			children = (
				FD38E9982BD5A1A300D3BDB7 /* BlockUserSettingFeature.swift */,
			);
			path = Block;
			sourceTree = "<group>";
		};
		FD38E9AA2BD8403100D3BDB7 /* SignOut */ = {
			isa = PBXGroup;
			children = (
				FD38E9922BD53D0900D3BDB7 /* SignOutFeature.swift */,
			);
			path = SignOut;
			sourceTree = "<group>";
		};
		FD38E9AB2BD8474700D3BDB7 /* SignOut */ = {
			isa = PBXGroup;
			children = (
				FD38E9942BD53D8F00D3BDB7 /* SignOutDialog.swift */,
			);
			path = SignOut;
			sourceTree = "<group>";
		};
		FD38E9AC2BD849F500D3BDB7 /* Profile */ = {
			isa = PBXGroup;
			children = (
				FD9E07002BC97F20000109FD /* ProfileEditFeature.swift */,
				FD9E07092BCB0A1C000109FD /* PhotoPickerFeature.swift */,
			);
			path = Profile;
			sourceTree = "<group>";
		};
		FD38E9AD2BD84A1500D3BDB7 /* MyPage */ = {
			isa = PBXGroup;
			children = (
				FD8B63A42BD217EA000500BF /* Setting */,
				FD38E9AC2BD849F500D3BDB7 /* Profile */,
				FD8FC3AF2BC8251700B80B3D /* CalendarFeature.swift */,
			);
			path = MyPage;
			sourceTree = "<group>";
		};
		FD3C6EB52BBC418C00B14FF9 /* TabBar */ = {
			isa = PBXGroup;
			children = (
				FD3C6EB72BBC41A000B14FF9 /* SCTabBar.swift */,
				FD9E070E2BCB58BC000109FD /* SCLineTabBar.swift */,
			);
			path = TabBar;
			sourceTree = "<group>";
		};
		FD3C6EB92BBC79ED00B14FF9 /* Chip */ = {
			isa = PBXGroup;
			children = (
				FD3C6EBA2BBC79FE00B14FF9 /* SCSearchChip.swift */,
				FD3C6EBC2BBC7DE700B14FF9 /* SCTagChip.swift */,
			);
			path = Chip;
			sourceTree = "<group>";
		};
		FD4A3B3D2BBADBBE00D2DFFA /* Button */ = {
			isa = PBXGroup;
			children = (
				FD2A26092BAC837000F7B317 /* SCRadioButton.swift */,
				FD13D4992BAB62370016F0A0 /* SCCheckBox.swift */,
				FD13D4972BAB56AA0016F0A0 /* SCButton.swift */,
				FD4A3B442BBAF0D100D2DFFA /* SCCapsuleButton.swift */,
				FD4A3B422BBADCD400D2DFFA /* SCRecordButton.swift */,
				FD9E07102BCC99DE000109FD /* DismissButton.swift */,
			);
			path = Button;
			sourceTree = "<group>";
		};
		FD4A3B3E2BBADBCE00D2DFFA /* Label */ = {
			isa = PBXGroup;
			children = (
				FD208FC42BB9C45700DD4D3B /* SCNumberIcon.swift */,
				FD208FBF2BB9AF3500DD4D3B /* SCIcon.swift */,
				FDE62A0F2BAD959A00DFDA5C /* SCLabel.swift */,
			);
			path = Label;
			sourceTree = "<group>";
		};
		FD4A3B3F2BBADBDE00D2DFFA /* Card */ = {
			isa = PBXGroup;
			children = (
				FD208FCA2BB9EDCD00DD4D3B /* SCInformationCard.swift */,
				FD208FC82BB9EAEF00DD4D3B /* SCProgressCard.swift */,
			);
			path = Card;
			sourceTree = "<group>";
		};
		FD4A3B402BBADBED00D2DFFA /* TextField */ = {
			isa = PBXGroup;
			children = (
				FD208FB92BB634AF00DD4D3B /* SCTextField.swift */,
			);
			path = TextField;
			sourceTree = "<group>";
		};
		FD4A3B412BBADC0000D2DFFA /* Shape */ = {
			isa = PBXGroup;
			children = (
				FD208FBB2BB6F2A600DD4D3B /* EdgeBorder.swift */,
				FDFAA42E2BCE0A550053CD9F /* Line.swift */,
			);
			path = Shape;
			sourceTree = "<group>";
		};
		FD6783922BC2DC51008743D4 /* Resource */ = {
			isa = PBXGroup;
			children = (
				FD0C396D2BA9914D00CC05AA /* Preview Content */,
				FD0C39782BA9D9DE00CC05AA /* Info.plist */,
				FD0C396B2BA9914D00CC05AA /* Assets.xcassets */,
				FD0C39772BA9D9AA00CC05AA /* Font */,
				FDC18D382BC6D86500A86D41 /* Secrets.xcconfig */,
			);
			path = Resource;
			sourceTree = "<group>";
		};
		FD8B63A42BD217EA000500BF /* Setting */ = {
			isa = PBXGroup;
			children = (
				FD8B639A2BD1FF1E000500BF /* SettingMainFeature.swift */,
				FD38E9AA2BD8403100D3BDB7 /* SignOut */,
				FD38E9A52BD5CA5400D3BDB7 /* Block */,
				FD38E9A42BD5C9C400D3BDB7 /* Unregister */,
				FD38E9A32BD5C9BB00D3BDB7 /* Alarm */,
				FD38E9A22BD5C9B700D3BDB7 /* Contact */,
				FD38E9A12BD5C9AB00D3BDB7 /* Policy */,
			);
			path = Setting;
			sourceTree = "<group>";
		};
		FD8FC3B32BC834E400B80B3D /* Calendar */ = {
			isa = PBXGroup;
			children = (
				FD8FC3B42BC834F300B80B3D /* CalendarView.swift */,
				FD8FC3B62BC8426800B80B3D /* CalendarGridItem.swift */,
			);
			path = Calendar;
			sourceTree = "<group>";
		};
		FD8FC3BC2BC86E8C00B80B3D /* Model */ = {
			isa = PBXGroup;
			children = (
				FD8FC3BD2BC86EB100B80B3D /* DateComponentsWithID.swift */,
				FD9E06FB2BC97D29000109FD /* User.swift */,
			);
			path = Model;
			sourceTree = "<group>";
		};
		FD9E06FD2BC97DE1000109FD /* MyPage */ = {
			isa = PBXGroup;
			children = (
				FDFAA4312BCE1C4D0053CD9F /* Profile */,
				FDFAA4302BCE1C400053CD9F /* Setting */,
			);
			path = MyPage;
			sourceTree = "<group>";
		};
		FD9E070B2BCB4E53000109FD /* Navigation */ = {
			isa = PBXGroup;
			children = (
				FD9E070C2BCB4E66000109FD /* SCNavigationBar.swift */,
			);
			path = Navigation;
			sourceTree = "<group>";
		};
		FDE9EA202BBDCA01007AA4D7 /* PopUp */ = {
			isa = PBXGroup;
			children = (
				FDE9EA212BBDCA10007AA4D7 /* SCPopUp.swift */,
			);
			path = PopUp;
			sourceTree = "<group>";
		};
		FDE9EA262BBED595007AA4D7 /* Reducer */ = {
			isa = PBXGroup;
			children = (
				FD38E9AD2BD84A1500D3BDB7 /* MyPage */,
			);
			path = Reducer;
			sourceTree = "<group>";
		};
		FDE9EA282BBED5A7007AA4D7 /* View */ = {
			isa = PBXGroup;
			children = (
				FD0C39692BA9914B00CC05AA /* ContentView.swift */,
				FD9E06FD2BC97DE1000109FD /* MyPage */,
				FD8FC3B32BC834E400B80B3D /* Calendar */,
				FD13D4962BAB56A00016F0A0 /* UIComponent */,
			);
			path = View;
			sourceTree = "<group>";
		};
		FDFAA42B2BCE05720053CD9F /* Progress */ = {
			isa = PBXGroup;
			children = (
				FD208FC62BB9E13A00DD4D3B /* SCProgressBar.swift */,
				FDFAA42C2BCE05BF0053CD9F /* SCLineProgress.swift */,
			);
			path = Progress;
			sourceTree = "<group>";
		};
		FDFAA4302BCE1C400053CD9F /* Setting */ = {
			isa = PBXGroup;
			children = (
				FDFAA4322BCE1C780053CD9F /* SettingMainView.swift */,
				FD38E98F2BD530AC00D3BDB7 /* SettingNavigationRowViewModifier.swift */,
				FD38E9AB2BD8474700D3BDB7 /* SignOut */,
				FD38E9A02BD5C51200D3BDB7 /* Unregister */,
				FD38E99D2BD5C4C300D3BDB7 /* Block */,
				FD38E99C2BD5C48A00D3BDB7 /* Contact */,
				FD38E99B2BD5C46B00D3BDB7 /* Alarm */,
				FD38E99A2BD5C43000D3BDB7 /* Policy */,
			);
			path = Setting;
			sourceTree = "<group>";
		};
		FDFAA4312BCE1C4D0053CD9F /* Profile */ = {
			isa = PBXGroup;
			children = (
				FD9E06FE2BC97DF6000109FD /* ProfileEditView.swift */,
				FD9E07072BCB0913000109FD /* PhotoPickerView.swift */,
			);
			path = Profile;
			sourceTree = "<group>";
		};
/* End PBXGroup section */

/* Begin PBXNativeTarget section */
		FD0C39632BA9914B00CC05AA /* Score */ = {
			isa = PBXNativeTarget;
			buildConfigurationList = FD0C39722BA9914D00CC05AA /* Build configuration list for PBXNativeTarget "Score" */;
			buildPhases = (
				AF31E4DBB9FAFC3414AEB4E6 /* [CP] Check Pods Manifest.lock */,
				FD0C39602BA9914B00CC05AA /* Sources */,
				FD0C39612BA9914B00CC05AA /* Frameworks */,
				FD0C39622BA9914B00CC05AA /* Resources */,
				D76759C6A473A83FE4B9D44A /* [CP] Embed Pods Frameworks */,
			);
			buildRules = (
			);
			dependencies = (
			);
			name = Score;
			packageProductDependencies = (
				FDE9EA242BBED551007AA4D7 /* ComposableArchitecture */,
			);
			productName = Score;
			productReference = FD0C39642BA9914B00CC05AA /* Score.app */;
			productType = "com.apple.product-type.application";
		};
/* End PBXNativeTarget section */

/* Begin PBXProject section */
		FD0C395C2BA9914B00CC05AA /* Project object */ = {
			isa = PBXProject;
			attributes = {
				BuildIndependentTargetsInParallel = 1;
				LastSwiftUpdateCheck = 1530;
				LastUpgradeCheck = 1530;
				TargetAttributes = {
					FD0C39632BA9914B00CC05AA = {
						CreatedOnToolsVersion = 15.3;
					};
				};
			};
			buildConfigurationList = FD0C395F2BA9914B00CC05AA /* Build configuration list for PBXProject "Score" */;
			compatibilityVersion = "Xcode 14.0";
			developmentRegion = en;
			hasScannedForEncodings = 0;
			knownRegions = (
				en,
				Base,
			);
			mainGroup = FD0C395B2BA9914B00CC05AA;
			packageReferences = (
				FDE9EA232BBED551007AA4D7 /* XCRemoteSwiftPackageReference "swift-composable-architecture" */,
			);
			productRefGroup = FD0C39652BA9914B00CC05AA /* Products */;
			projectDirPath = "";
			projectRoot = "";
			targets = (
				FD0C39632BA9914B00CC05AA /* Score */,
			);
		};
/* End PBXProject section */

/* Begin PBXResourcesBuildPhase section */
		FD0C39622BA9914B00CC05AA /* Resources */ = {
			isa = PBXResourcesBuildPhase;
			buildActionMask = 2147483647;
			files = (
				FDC18D392BC6D92A00A86D41 /* Secrets.xcconfig in Resources */,
				FD0C396F2BA9914D00CC05AA /* Preview Assets.xcassets in Resources */,
				FD0C396C2BA9914D00CC05AA /* Assets.xcassets in Resources */,
				FD0C39762BA9D99D00CC05AA /* PretendardVariable.ttf in Resources */,
			);
			runOnlyForDeploymentPostprocessing = 0;
		};
/* End PBXResourcesBuildPhase section */

/* Begin PBXShellScriptBuildPhase section */
		AF31E4DBB9FAFC3414AEB4E6 /* [CP] Check Pods Manifest.lock */ = {
			isa = PBXShellScriptBuildPhase;
			buildActionMask = 2147483647;
			files = (
			);
			inputFileListPaths = (
			);
			inputPaths = (
				"${PODS_PODFILE_DIR_PATH}/Podfile.lock",
				"${PODS_ROOT}/Manifest.lock",
			);
			name = "[CP] Check Pods Manifest.lock";
			outputFileListPaths = (
			);
			outputPaths = (
				"$(DERIVED_FILE_DIR)/Pods-Score-checkManifestLockResult.txt",
			);
			runOnlyForDeploymentPostprocessing = 0;
			shellPath = /bin/sh;
			shellScript = "diff \"${PODS_PODFILE_DIR_PATH}/Podfile.lock\" \"${PODS_ROOT}/Manifest.lock\" > /dev/null\nif [ $? != 0 ] ; then\n    # print error to STDERR\n    echo \"error: The sandbox is not in sync with the Podfile.lock. Run 'pod install' or update your CocoaPods installation.\" >&2\n    exit 1\nfi\n# This output is used by Xcode 'outputs' to avoid re-running this script phase.\necho \"SUCCESS\" > \"${SCRIPT_OUTPUT_FILE_0}\"\n";
			showEnvVarsInLog = 0;
		};
		D76759C6A473A83FE4B9D44A /* [CP] Embed Pods Frameworks */ = {
			isa = PBXShellScriptBuildPhase;
			buildActionMask = 2147483647;
			files = (
			);
			inputFileListPaths = (
				"${PODS_ROOT}/Target Support Files/Pods-Score/Pods-Score-frameworks-${CONFIGURATION}-input-files.xcfilelist",
			);
			name = "[CP] Embed Pods Frameworks";
			outputFileListPaths = (
				"${PODS_ROOT}/Target Support Files/Pods-Score/Pods-Score-frameworks-${CONFIGURATION}-output-files.xcfilelist",
			);
			runOnlyForDeploymentPostprocessing = 0;
			shellPath = /bin/sh;
			shellScript = "\"${PODS_ROOT}/Target Support Files/Pods-Score/Pods-Score-frameworks.sh\"\n";
			showEnvVarsInLog = 0;
		};
/* End PBXShellScriptBuildPhase section */

/* Begin PBXSourcesBuildPhase section */
		FD0C39602BA9914B00CC05AA /* Sources */ = {
			isa = PBXSourcesBuildPhase;
			buildActionMask = 2147483647;
			files = (
				FD9E070A2BCB0A1C000109FD /* PhotoPickerFeature.swift in Sources */,
				FD8FC3BE2BC86EB100B80B3D /* DateComponentsWithID.swift in Sources */,
				FD8FC3B72BC8426800B80B3D /* CalendarGridItem.swift in Sources */,
				FD9E06FF2BC97DF6000109FD /* ProfileEditView.swift in Sources */,
				FD2A260A2BAC837000F7B317 /* SCRadioButton.swift in Sources */,
				FD13D49A2BAB62370016F0A0 /* SCCheckBox.swift in Sources */,
				FDFAA43D2BCE72FB0053CD9F /* PrivacyPolicyView.swift in Sources */,
				FD8B639D2BD200CD000500BF /* AlarmSettingFeature.swift in Sources */,
				FD9E06FC2BC97D29000109FD /* User.swift in Sources */,
				FDFAA4332BCE1C780053CD9F /* SettingMainView.swift in Sources */,
				FD9E070F2BCB58BC000109FD /* SCLineTabBar.swift in Sources */,
				FDFAA42D2BCE05BF0053CD9F /* SCLineProgress.swift in Sources */,
				FD38E9952BD53D8F00D3BDB7 /* SignOutDialog.swift in Sources */,
				FD208FC02BB9AF3500DD4D3B /* SCIcon.swift in Sources */,
				FDFAA4372BCE23180053CD9F /* SettingNavigation.swift in Sources */,
				FD0C397A2BA9DA4A00CC05AA /* Font+.swift in Sources */,
				FD208FC92BB9EAEF00DD4D3B /* SCProgressCard.swift in Sources */,
				FD0C397D2BA9E48400CC05AA /* Color+.swift in Sources */,
				FD8B63A62BD21802000500BF /* ContactFeature.swift in Sources */,
				FD8FC3B52BC834F300B80B3D /* CalendarView.swift in Sources */,
				FD8FC3BB2BC8470700B80B3D /* Month.swift in Sources */,
				FD8FC3B02BC8251700B80B3D /* CalendarFeature.swift in Sources */,
				FD8B639B2BD1FF1E000500BF /* SettingMainFeature.swift in Sources */,
				FD8FC3B22BC826F600B80B3D /* Date+.swift in Sources */,
				FDE9EA222BBDCA10007AA4D7 /* SCPopUp.swift in Sources */,
				FD9E07082BCB0913000109FD /* PhotoPickerView.swift in Sources */,
				FD38E99F2BD5C4FD00D3BDB7 /* BlockUserSettingView.swift in Sources */,
				FDFAA4422BCE7C7D0053CD9F /* UnregisterView.swift in Sources */,
				FD38E9902BD530AC00D3BDB7 /* SettingNavigationRowViewModifier.swift in Sources */,
				FD3C6EBB2BBC79FE00B14FF9 /* SCSearchChip.swift in Sources */,
				FD38E9992BD5A1A300D3BDB7 /* BlockUserSettingFeature.swift in Sources */,
				FD4A3B432BBADCD400D2DFFA /* SCRecordButton.swift in Sources */,
				FDFAA4402BCE7B5F0053CD9F /* ServicePolicyView.swift in Sources */,
				FDFAA4392BCE6E430053CD9F /* ContactView.swift in Sources */,
				FD208FC72BB9E13A00DD4D3B /* SCProgressBar.swift in Sources */,
				FD208FBC2BB6F2A600DD4D3B /* EdgeBorder.swift in Sources */,
				FD8B639F2BD20124000500BF /* PrivacyPolicyFeature.swift in Sources */,
				FD38E9932BD53D0900D3BDB7 /* SignOutFeature.swift in Sources */,
				FD208FBE2BB6F70200DD4D3B /* View+.swift in Sources */,
				FD4A3B452BBAF0D100D2DFFA /* SCCapsuleButton.swift in Sources */,
				FD9E070D2BCB4E66000109FD /* SCNavigationBar.swift in Sources */,
				FD8FC3B92BC8465D00B80B3D /* DayOfWeek.swift in Sources */,
				FD0C396A2BA9914B00CC05AA /* ContentView.swift in Sources */,
				FD38E98C2BD527AB00D3BDB7 /* PolicyFeature.swift in Sources */,
				FD13D4982BAB56AA0016F0A0 /* SCButton.swift in Sources */,
				FD8B63A12BD2016D000500BF /* ServicePolicyFeature.swift in Sources */,
				FDFAA42F2BCE0A550053CD9F /* Line.swift in Sources */,
				FDFAA43B2BCE6F240053CD9F /* Contexts.swift in Sources */,
				FD9E07012BC97F20000109FD /* ProfileEditFeature.swift in Sources */,
				FD208FC32BB9B2FC00DD4D3B /* Constants.swift in Sources */,
				FD9E07112BCC99DE000109FD /* DismissButton.swift in Sources */,
				FD38E9A92BD83F0B00D3BDB7 /* EmailGuideSheet.swift in Sources */,
				FD38E98E2BD5297E00D3BDB7 /* PolicyView.swift in Sources */,
				FDE62A102BAD959A00DFDA5C /* SCLabel.swift in Sources */,
				FD3C6EBD2BBC7DE700B14FF9 /* SCTagChip.swift in Sources */,
				FD8B63A32BD201CC000500BF /* UnregisterFeature.swift in Sources */,
				FD3C6EB82BBC41A000B14FF9 /* SCTabBar.swift in Sources */,
				FD208FC52BB9C45700DD4D3B /* SCNumberIcon.swift in Sources */,
				FD208FCB2BB9EDCD00DD4D3B /* SCInformationCard.swift in Sources */,
				FD208FBA2BB634AF00DD4D3B /* SCTextField.swift in Sources */,
				FD0C39682BA9914B00CC05AA /* ScoreApp.swift in Sources */,
				FDFAA4352BCE21400053CD9F /* AlarmSettingView.swift in Sources */,
			);
			runOnlyForDeploymentPostprocessing = 0;
		};
/* End PBXSourcesBuildPhase section */

/* Begin XCBuildConfiguration section */
		FD0C39702BA9914D00CC05AA /* Debug */ = {
			isa = XCBuildConfiguration;
			baseConfigurationReference = FDC18D382BC6D86500A86D41 /* Secrets.xcconfig */;
			buildSettings = {
				ALWAYS_SEARCH_USER_PATHS = NO;
				ASSETCATALOG_COMPILER_GENERATE_SWIFT_ASSET_SYMBOL_EXTENSIONS = YES;
				CLANG_ANALYZER_NONNULL = YES;
				CLANG_ANALYZER_NUMBER_OBJECT_CONVERSION = YES_AGGRESSIVE;
				CLANG_CXX_LANGUAGE_STANDARD = "gnu++20";
				CLANG_ENABLE_MODULES = YES;
				CLANG_ENABLE_OBJC_ARC = YES;
				CLANG_ENABLE_OBJC_WEAK = YES;
				CLANG_WARN_BLOCK_CAPTURE_AUTORELEASING = YES;
				CLANG_WARN_BOOL_CONVERSION = YES;
				CLANG_WARN_COMMA = YES;
				CLANG_WARN_CONSTANT_CONVERSION = YES;
				CLANG_WARN_DEPRECATED_OBJC_IMPLEMENTATIONS = YES;
				CLANG_WARN_DIRECT_OBJC_ISA_USAGE = YES_ERROR;
				CLANG_WARN_DOCUMENTATION_COMMENTS = YES;
				CLANG_WARN_EMPTY_BODY = YES;
				CLANG_WARN_ENUM_CONVERSION = YES;
				CLANG_WARN_INFINITE_RECURSION = YES;
				CLANG_WARN_INT_CONVERSION = YES;
				CLANG_WARN_NON_LITERAL_NULL_CONVERSION = YES;
				CLANG_WARN_OBJC_IMPLICIT_RETAIN_SELF = YES;
				CLANG_WARN_OBJC_LITERAL_CONVERSION = YES;
				CLANG_WARN_OBJC_ROOT_CLASS = YES_ERROR;
				CLANG_WARN_QUOTED_INCLUDE_IN_FRAMEWORK_HEADER = YES;
				CLANG_WARN_RANGE_LOOP_ANALYSIS = YES;
				CLANG_WARN_STRICT_PROTOTYPES = YES;
				CLANG_WARN_SUSPICIOUS_MOVE = YES;
				CLANG_WARN_UNGUARDED_AVAILABILITY = YES_AGGRESSIVE;
				CLANG_WARN_UNREACHABLE_CODE = YES;
				CLANG_WARN__DUPLICATE_METHOD_MATCH = YES;
				COPY_PHASE_STRIP = NO;
				DEBUG_INFORMATION_FORMAT = dwarf;
				ENABLE_STRICT_OBJC_MSGSEND = YES;
				ENABLE_TESTABILITY = YES;
				ENABLE_USER_SCRIPT_SANDBOXING = YES;
				GCC_C_LANGUAGE_STANDARD = gnu17;
				GCC_DYNAMIC_NO_PIC = NO;
				GCC_NO_COMMON_BLOCKS = YES;
				GCC_OPTIMIZATION_LEVEL = 0;
				GCC_PREPROCESSOR_DEFINITIONS = (
					"DEBUG=1",
					"$(inherited)",
				);
				GCC_WARN_64_TO_32_BIT_CONVERSION = YES;
				GCC_WARN_ABOUT_RETURN_TYPE = YES_ERROR;
				GCC_WARN_UNDECLARED_SELECTOR = YES;
				GCC_WARN_UNINITIALIZED_AUTOS = YES_AGGRESSIVE;
				GCC_WARN_UNUSED_FUNCTION = YES;
				GCC_WARN_UNUSED_VARIABLE = YES;
				IPHONEOS_DEPLOYMENT_TARGET = 16.0;
				LOCALIZATION_PREFERS_STRING_CATALOGS = YES;
				MTL_ENABLE_DEBUG_INFO = INCLUDE_SOURCE;
				MTL_FAST_MATH = YES;
				ONLY_ACTIVE_ARCH = YES;
				SDKROOT = iphoneos;
				SWIFT_ACTIVE_COMPILATION_CONDITIONS = "DEBUG $(inherited)";
				SWIFT_OPTIMIZATION_LEVEL = "-Onone";
			};
			name = Debug;
		};
		FD0C39712BA9914D00CC05AA /* Release */ = {
			isa = XCBuildConfiguration;
			baseConfigurationReference = FDC18D382BC6D86500A86D41 /* Secrets.xcconfig */;
			buildSettings = {
				ALWAYS_SEARCH_USER_PATHS = NO;
				ASSETCATALOG_COMPILER_GENERATE_SWIFT_ASSET_SYMBOL_EXTENSIONS = YES;
				CLANG_ANALYZER_NONNULL = YES;
				CLANG_ANALYZER_NUMBER_OBJECT_CONVERSION = YES_AGGRESSIVE;
				CLANG_CXX_LANGUAGE_STANDARD = "gnu++20";
				CLANG_ENABLE_MODULES = YES;
				CLANG_ENABLE_OBJC_ARC = YES;
				CLANG_ENABLE_OBJC_WEAK = YES;
				CLANG_WARN_BLOCK_CAPTURE_AUTORELEASING = YES;
				CLANG_WARN_BOOL_CONVERSION = YES;
				CLANG_WARN_COMMA = YES;
				CLANG_WARN_CONSTANT_CONVERSION = YES;
				CLANG_WARN_DEPRECATED_OBJC_IMPLEMENTATIONS = YES;
				CLANG_WARN_DIRECT_OBJC_ISA_USAGE = YES_ERROR;
				CLANG_WARN_DOCUMENTATION_COMMENTS = YES;
				CLANG_WARN_EMPTY_BODY = YES;
				CLANG_WARN_ENUM_CONVERSION = YES;
				CLANG_WARN_INFINITE_RECURSION = YES;
				CLANG_WARN_INT_CONVERSION = YES;
				CLANG_WARN_NON_LITERAL_NULL_CONVERSION = YES;
				CLANG_WARN_OBJC_IMPLICIT_RETAIN_SELF = YES;
				CLANG_WARN_OBJC_LITERAL_CONVERSION = YES;
				CLANG_WARN_OBJC_ROOT_CLASS = YES_ERROR;
				CLANG_WARN_QUOTED_INCLUDE_IN_FRAMEWORK_HEADER = YES;
				CLANG_WARN_RANGE_LOOP_ANALYSIS = YES;
				CLANG_WARN_STRICT_PROTOTYPES = YES;
				CLANG_WARN_SUSPICIOUS_MOVE = YES;
				CLANG_WARN_UNGUARDED_AVAILABILITY = YES_AGGRESSIVE;
				CLANG_WARN_UNREACHABLE_CODE = YES;
				CLANG_WARN__DUPLICATE_METHOD_MATCH = YES;
				COPY_PHASE_STRIP = NO;
				DEBUG_INFORMATION_FORMAT = "dwarf-with-dsym";
				ENABLE_NS_ASSERTIONS = NO;
				ENABLE_STRICT_OBJC_MSGSEND = YES;
				ENABLE_USER_SCRIPT_SANDBOXING = YES;
				GCC_C_LANGUAGE_STANDARD = gnu17;
				GCC_NO_COMMON_BLOCKS = YES;
				GCC_WARN_64_TO_32_BIT_CONVERSION = YES;
				GCC_WARN_ABOUT_RETURN_TYPE = YES_ERROR;
				GCC_WARN_UNDECLARED_SELECTOR = YES;
				GCC_WARN_UNINITIALIZED_AUTOS = YES_AGGRESSIVE;
				GCC_WARN_UNUSED_FUNCTION = YES;
				GCC_WARN_UNUSED_VARIABLE = YES;
				IPHONEOS_DEPLOYMENT_TARGET = 16.0;
				LOCALIZATION_PREFERS_STRING_CATALOGS = YES;
				MTL_ENABLE_DEBUG_INFO = NO;
				MTL_FAST_MATH = YES;
				SDKROOT = iphoneos;
				SWIFT_COMPILATION_MODE = wholemodule;
				VALIDATE_PRODUCT = YES;
			};
			name = Release;
		};
		FD0C39732BA9914D00CC05AA /* Debug */ = {
			isa = XCBuildConfiguration;
			baseConfigurationReference = 384EAFA81AF99FDA8A4666DE /* Pods-Score.debug.xcconfig */;
			buildSettings = {
				ASSETCATALOG_COMPILER_APPICON_NAME = AppIcon;
				ASSETCATALOG_COMPILER_GLOBAL_ACCENT_COLOR_NAME = AccentColor;
				CODE_SIGN_STYLE = Automatic;
				CURRENT_PROJECT_VERSION = 1;
				DEVELOPMENT_ASSET_PATHS = "\"Score/Resource/Preview Content\"";
				DEVELOPMENT_TEAM = 4N97P5J52N;
				ENABLE_PREVIEWS = YES;
				ENABLE_USER_SCRIPT_SANDBOXING = NO;
				GENERATE_INFOPLIST_FILE = YES;
				INFOPLIST_FILE = Score/Resource/Info.plist;
				INFOPLIST_KEY_CFBundleDisplayName = "스코어";
				INFOPLIST_KEY_UIApplicationSceneManifest_Generation = YES;
				INFOPLIST_KEY_UIApplicationSupportsIndirectInputEvents = YES;
				INFOPLIST_KEY_UILaunchScreen_Generation = YES;
				INFOPLIST_KEY_UIStatusBarStyle = UIStatusBarStyleLightContent;
				INFOPLIST_KEY_UISupportedInterfaceOrientations = UIInterfaceOrientationPortrait;
				INFOPLIST_KEY_UISupportedInterfaceOrientations_iPad = "UIInterfaceOrientationLandscapeLeft UIInterfaceOrientationLandscapeRight UIInterfaceOrientationPortrait UIInterfaceOrientationPortraitUpsideDown";
				IPHONEOS_DEPLOYMENT_TARGET = 16.0;
				LD_RUNPATH_SEARCH_PATHS = (
					"$(inherited)",
					"@executable_path/Frameworks",
				);
				MARKETING_VERSION = 1.0;
				PRODUCT_BUNDLE_IDENTIFIER = com.sole.Score;
				PRODUCT_NAME = "$(TARGET_NAME)";
				SUPPORTED_PLATFORMS = "iphoneos iphonesimulator";
				SUPPORTS_MACCATALYST = NO;
				SUPPORTS_MAC_DESIGNED_FOR_IPHONE_IPAD = NO;
				SUPPORTS_XR_DESIGNED_FOR_IPHONE_IPAD = NO;
				SWIFT_EMIT_LOC_STRINGS = YES;
				SWIFT_VERSION = 5.0;
				TARGETED_DEVICE_FAMILY = 1;
			};
			name = Debug;
		};
		FD0C39742BA9914D00CC05AA /* Release */ = {
			isa = XCBuildConfiguration;
			baseConfigurationReference = 2FE93EF92843877AF8C6F39A /* Pods-Score.release.xcconfig */;
			buildSettings = {
				ASSETCATALOG_COMPILER_APPICON_NAME = AppIcon;
				ASSETCATALOG_COMPILER_GLOBAL_ACCENT_COLOR_NAME = AccentColor;
				CODE_SIGN_STYLE = Automatic;
				CURRENT_PROJECT_VERSION = 1;
				DEVELOPMENT_ASSET_PATHS = "\"Score/Resource/Preview Content\"";
				DEVELOPMENT_TEAM = 4N97P5J52N;
				ENABLE_PREVIEWS = YES;
				ENABLE_USER_SCRIPT_SANDBOXING = NO;
				GENERATE_INFOPLIST_FILE = YES;
				INFOPLIST_FILE = Score/Resource/Info.plist;
				INFOPLIST_KEY_CFBundleDisplayName = "스코어";
				INFOPLIST_KEY_UIApplicationSceneManifest_Generation = YES;
				INFOPLIST_KEY_UIApplicationSupportsIndirectInputEvents = YES;
				INFOPLIST_KEY_UILaunchScreen_Generation = YES;
				INFOPLIST_KEY_UIStatusBarStyle = UIStatusBarStyleLightContent;
				INFOPLIST_KEY_UISupportedInterfaceOrientations = UIInterfaceOrientationPortrait;
				INFOPLIST_KEY_UISupportedInterfaceOrientations_iPad = "UIInterfaceOrientationLandscapeLeft UIInterfaceOrientationLandscapeRight UIInterfaceOrientationPortrait UIInterfaceOrientationPortraitUpsideDown";
				IPHONEOS_DEPLOYMENT_TARGET = 16.0;
				LD_RUNPATH_SEARCH_PATHS = (
					"$(inherited)",
					"@executable_path/Frameworks",
				);
				MARKETING_VERSION = 1.0;
				PRODUCT_BUNDLE_IDENTIFIER = com.sole.Score;
				PRODUCT_NAME = "$(TARGET_NAME)";
				SUPPORTED_PLATFORMS = "iphoneos iphonesimulator";
				SUPPORTS_MACCATALYST = NO;
				SUPPORTS_MAC_DESIGNED_FOR_IPHONE_IPAD = NO;
				SUPPORTS_XR_DESIGNED_FOR_IPHONE_IPAD = NO;
				SWIFT_EMIT_LOC_STRINGS = YES;
				SWIFT_VERSION = 5.0;
				TARGETED_DEVICE_FAMILY = 1;
			};
			name = Release;
		};
/* End XCBuildConfiguration section */

/* Begin XCConfigurationList section */
		FD0C395F2BA9914B00CC05AA /* Build configuration list for PBXProject "Score" */ = {
			isa = XCConfigurationList;
			buildConfigurations = (
				FD0C39702BA9914D00CC05AA /* Debug */,
				FD0C39712BA9914D00CC05AA /* Release */,
			);
			defaultConfigurationIsVisible = 0;
			defaultConfigurationName = Release;
		};
		FD0C39722BA9914D00CC05AA /* Build configuration list for PBXNativeTarget "Score" */ = {
			isa = XCConfigurationList;
			buildConfigurations = (
				FD0C39732BA9914D00CC05AA /* Debug */,
				FD0C39742BA9914D00CC05AA /* Release */,
			);
			defaultConfigurationIsVisible = 0;
			defaultConfigurationName = Release;
		};
/* End XCConfigurationList section */

/* Begin XCRemoteSwiftPackageReference section */
		FDE9EA232BBED551007AA4D7 /* XCRemoteSwiftPackageReference "swift-composable-architecture" */ = {
			isa = XCRemoteSwiftPackageReference;
			repositoryURL = "https://github.com/pointfreeco/swift-composable-architecture";
			requirement = {
				kind = upToNextMajorVersion;
				minimumVersion = 1.9.2;
			};
		};
/* End XCRemoteSwiftPackageReference section */

/* Begin XCSwiftPackageProductDependency section */
		FDE9EA242BBED551007AA4D7 /* ComposableArchitecture */ = {
			isa = XCSwiftPackageProductDependency;
			package = FDE9EA232BBED551007AA4D7 /* XCRemoteSwiftPackageReference "swift-composable-architecture" */;
			productName = ComposableArchitecture;
		};
/* End XCSwiftPackageProductDependency section */
	};
	rootObject = FD0C395C2BA9914B00CC05AA /* Project object */;
}
