PODS:
  - NMapsGeometry (1.0.1)
  - NMapsMap (3.18.0):
    - NMapsGeometry

DEPENDENCIES:
  - NMapsMap

SPEC REPOS:
  trunk:
    - NMapsGeometry
    - NMapsMap

SPEC CHECKSUMS:
  NMapsGeometry: 53c573ead66466681cf123f99f698dc8071a4b83
  NMapsMap: 36dc18a1f5f315121b33fccd2398c7a702bf0fc8

PODFILE CHECKSUM: 4f0f7a3b718553a76db00b198e712a78acd3085c

COCOAPODS: 1.15.2
